
Microsoft Visual Studio Solution File, Format Version 12.00
# Visual Studio 2012
Project("{FAE04EC0-301F-11D3-BF4B-00C04F79EFBC}") = "WillThisWork.Android", "WillThisWork.Android\WillThisWork.Android.csproj", "{722FACEC-C013-4E3C-A592-00363FA63B83}"
EndProject
Project("{FAE04EC0-301F-11D3-BF4B-00C04F79EFBC}") = "WillThisWork.iOS", "WillThisWork.iOS\WillThisWork.iOS.csproj", "{6AEBA250-449A-48DF-9494-04CA34F62E12}"
EndProject
Project("{FAE04EC0-301F-11D3-BF4B-00C04F79EFBC}") = "WillThisWork", "WillThisWork\WillThisWork.csproj", "{75B7AC77-F5C7-4F78-BB4E-631C8DF9B91C}"
EndProject
Global
	GlobalSection(SolutionConfigurationPlatforms) = preSolution
		Debug|Any CPU = Debug|Any CPU
		Release|Any CPU = Release|Any CPU
		Debug|iPhoneSimulator = Debug|iPhoneSimulator
		Release|iPhoneSimulator = Release|iPhoneSimulator
		Debug|iPhone = Debug|iPhone
		Release|iPhone = Release|iPhone
		Ad-Hoc|iPhone = Ad-Hoc|iPhone
		AppStore|iPhone = AppStore|iPhone
	EndGlobalSection
	GlobalSection(ProjectConfigurationPlatforms) = postSolution
		{722FACEC-C013-4E3C-A592-00363FA63B83}.Debug|Any CPU.ActiveCfg = Debug|Any CPU
		{722FACEC-C013-4E3C-A592-00363FA63B83}.Debug|Any CPU.Build.0 = Debug|Any CPU
		{722FACEC-C013-4E3C-A592-00363FA63B83}.Release|Any CPU.ActiveCfg = Release|Any CPU
		{722FACEC-C013-4E3C-A592-00363FA63B83}.Release|Any CPU.Build.0 = Release|Any CPU
		{722FACEC-C013-4E3C-A592-00363FA63B83}.Debug|iPhoneSimulator.ActiveCfg = Debug|Any CPU
		{722FACEC-C013-4E3C-A592-00363FA63B83}.Debug|iPhoneSimulator.Build.0 = Debug|Any CPU
		{722FACEC-C013-4E3C-A592-00363FA63B83}.Release|iPhoneSimulator.ActiveCfg = Release|Any CPU
		{722FACEC-C013-4E3C-A592-00363FA63B83}.Release|iPhoneSimulator.Build.0 = Release|Any CPU
		{722FACEC-C013-4E3C-A592-00363FA63B83}.Debug|iPhone.ActiveCfg = Debug|Any CPU
		{722FACEC-C013-4E3C-A592-00363FA63B83}.Debug|iPhone.Build.0 = Debug|Any CPU
		{722FACEC-C013-4E3C-A592-00363FA63B83}.Release|iPhone.ActiveCfg = Release|Any CPU
		{722FACEC-C013-4E3C-A592-00363FA63B83}.Release|iPhone.Build.0 = Release|Any CPU
		{722FACEC-C013-4E3C-A592-00363FA63B83}.Ad-Hoc|iPhone.ActiveCfg = Debug|Any CPU
		{722FACEC-C013-4E3C-A592-00363FA63B83}.Ad-Hoc|iPhone.Build.0 = Debug|Any CPU
		{722FACEC-C013-4E3C-A592-00363FA63B83}.AppStore|iPhone.ActiveCfg = Debug|Any CPU
		{722FACEC-C013-4E3C-A592-00363FA63B83}.AppStore|iPhone.Build.0 = Debug|Any CPU
		{6AEBA250-449A-48DF-9494-04CA34F62E12}.Debug|Any CPU.ActiveCfg = Debug|iPhoneSimulator
		{6AEBA250-449A-48DF-9494-04CA34F62E12}.Debug|Any CPU.Build.0 = Debug|iPhoneSimulator
		{6AEBA250-449A-48DF-9494-04CA34F62E12}.Release|Any CPU.ActiveCfg = Release|iPhoneSimulator
		{6AEBA250-449A-48DF-9494-04CA34F62E12}.Release|Any CPU.Build.0 = Release|iPhoneSimulator
		{6AEBA250-449A-48DF-9494-04CA34F62E12}.Debug|iPhoneSimulator.ActiveCfg = Debug|iPhoneSimulator
		{6AEBA250-449A-48DF-9494-04CA34F62E12}.Debug|iPhoneSimulator.Build.0 = Debug|iPhoneSimulator
		{6AEBA250-449A-48DF-9494-04CA34F62E12}.Release|iPhoneSimulator.ActiveCfg = Release|iPhoneSimulator
		{6AEBA250-449A-48DF-9494-04CA34F62E12}.Release|iPhoneSimulator.Build.0 = Release|iPhoneSimulator
		{6AEBA250-449A-48DF-9494-04CA34F62E12}.Debug|iPhone.ActiveCfg = Debug|iPhone
		{6AEBA250-449A-48DF-9494-04CA34F62E12}.Debug|iPhone.Build.0 = Debug|iPhone
		{6AEBA250-449A-48DF-9494-04CA34F62E12}.Release|iPhone.ActiveCfg = Release|iPhone
		{6AEBA250-449A-48DF-9494-04CA34F62E12}.Release|iPhone.Build.0 = Release|iPhone
		{6AEBA250-449A-48DF-9494-04CA34F62E12}.Ad-Hoc|iPhone.ActiveCfg = Ad-Hoc|iPhone
		{6AEBA250-449A-48DF-9494-04CA34F62E12}.Ad-Hoc|iPhone.Build.0 = Ad-Hoc|iPhone
		{6AEBA250-449A-48DF-9494-04CA34F62E12}.AppStore|iPhone.ActiveCfg = AppStore|iPhone
		{6AEBA250-449A-48DF-9494-04CA34F62E12}.AppStore|iPhone.Build.0 = AppStore|iPhone
		{75B7AC77-F5C7-4F78-BB4E-631C8DF9B91C}.Debug|Any CPU.ActiveCfg = Debug|Any CPU
		{75B7AC77-F5C7-4F78-BB4E-631C8DF9B91C}.Debug|Any CPU.Build.0 = Debug|Any CPU
		{75B7AC77-F5C7-4F78-BB4E-631C8DF9B91C}.Release|Any CPU.ActiveCfg = Release|Any CPU
		{75B7AC77-F5C7-4F78-BB4E-631C8DF9B91C}.Release|Any CPU.Build.0 = Release|Any CPU
		{75B7AC77-F5C7-4F78-BB4E-631C8DF9B91C}.Debug|iPhoneSimulator.ActiveCfg = Debug|Any CPU
		{75B7AC77-F5C7-4F78-BB4E-631C8DF9B91C}.Debug|iPhoneSimulator.Build.0 = Debug|Any CPU
		{75B7AC77-F5C7-4F78-BB4E-631C8DF9B91C}.Release|iPhoneSimulator.ActiveCfg = Release|Any CPU
		{75B7AC77-F5C7-4F78-BB4E-631C8DF9B91C}.Release|iPhoneSimulator.Build.0 = Release|Any CPU
		{75B7AC77-F5C7-4F78-BB4E-631C8DF9B91C}.Debug|iPhone.ActiveCfg = Debug|Any CPU
		{75B7AC77-F5C7-4F78-BB4E-631C8DF9B91C}.Debug|iPhone.Build.0 = Debug|Any CPU
		{75B7AC77-F5C7-4F78-BB4E-631C8DF9B91C}.Release|iPhone.ActiveCfg = Release|Any CPU
		{75B7AC77-F5C7-4F78-BB4E-631C8DF9B91C}.Release|iPhone.Build.0 = Release|Any CPU
		{75B7AC77-F5C7-4F78-BB4E-631C8DF9B91C}.Ad-Hoc|iPhone.ActiveCfg = Debug|Any CPU
		{75B7AC77-F5C7-4F78-BB4E-631C8DF9B91C}.Ad-Hoc|iPhone.Build.0 = Debug|Any CPU
		{75B7AC77-F5C7-4F78-BB4E-631C8DF9B91C}.AppStore|iPhone.ActiveCfg = Debug|Any CPU
		{75B7AC77-F5C7-4F78-BB4E-631C8DF9B91C}.AppStore|iPhone.Build.0 = Debug|Any CPU
	EndGlobalSection
EndGlobal
